// !$*UTF8*$!
{
	archiveVersion = 1;
	classes = {
	};
	objectVersion = 60;
	objects = {

/* Begin PBXBuildFile section */
		1A220CDC2C2958C700AC3D83 /* NotificationService.swift in Sources */ = {isa = PBXBuildFile; fileRef = 1A220CDB2C2958C700AC3D83 /* NotificationService.swift */; };
		1A220CE02C2958C700AC3D83 /* MyNotificationServiceExtension.appex in Embed Foundation Extensions */ = {isa = PBXBuildFile; fileRef = 1A220CD92C2958C700AC3D83 /* MyNotificationServiceExtension.appex */; settings = {ATTRIBUTES = (RemoveHeadersOnCopy, ); }; };
		1A220CEC2C2958F600AC3D83 /* UserNotifications.framework in Frameworks */ = {isa = PBXBuildFile; fileRef = 1A220CEB2C2958F600AC3D83 /* UserNotifications.framework */; };
		1A220CEE2C2958F600AC3D83 /* UserNotificationsUI.framework in Frameworks */ = {isa = PBXBuildFile; fileRef = 1A220CED2C2958F600AC3D83 /* UserNotificationsUI.framework */; };
		1A220CF12C2958F600AC3D83 /* NotificationViewController.swift in Sources */ = {isa = PBXBuildFile; fileRef = 1A220CF02C2958F600AC3D83 /* NotificationViewController.swift */; };
		1A220CF82C2958F600AC3D83 /* MyNotificationContentExtension.appex in Embed Foundation Extensions */ = {isa = PBXBuildFile; fileRef = 1A220CE92C2958F600AC3D83 /* MyNotificationContentExtension.appex */; settings = {ATTRIBUTES = (RemoveHeadersOnCopy, ); }; };
		1A2D6E8A2B29AC540036046E /* AppDelegate.swift in Sources */ = {isa = PBXBuildFile; fileRef = 1A2D6E892B29AC540036046E /* AppDelegate.swift */; };
		1A8CCDA62B28A18E003DEE5E /* PushNotificationsExampleApp.swift in Sources */ = {isa = PBXBuildFile; fileRef = 1A8CCDA52B28A18E003DEE5E /* PushNotificationsExampleApp.swift */; };
		1A8CCDA82B28A18E003DEE5E /* ContentView.swift in Sources */ = {isa = PBXBuildFile; fileRef = 1A8CCDA72B28A18E003DEE5E /* ContentView.swift */; };
		1A8CCDAA2B28A18F003DEE5E /* Assets.xcassets in Resources */ = {isa = PBXBuildFile; fileRef = 1A8CCDA92B28A18F003DEE5E /* Assets.xcassets */; };
		1A8CCDAD2B28A18F003DEE5E /* Preview Assets.xcassets in Resources */ = {isa = PBXBuildFile; fileRef = 1A8CCDAC2B28A18F003DEE5E /* Preview Assets.xcassets */; };
		1A8CCDB52B28A1AA003DEE5E /* BirdKit in Frameworks */ = {isa = PBXBuildFile; productRef = 1A8CCDB42B28A1AA003DEE5E /* BirdKit */; };
		1A99B7182B46E341001581E4 /* BirdKit in Frameworks */ = {isa = PBXBuildFile; productRef = 1A99B7172B46E341001581E4 /* BirdKit */; };
/* End PBXBuildFile section */

/* Begin PBXContainerItemProxy section */
		1A220CDE2C2958C700AC3D83 /* PBXContainerItemProxy */ = {
			isa = PBXContainerItemProxy;
			containerPortal = 1A8CCD9A2B28A18E003DEE5E /* Project object */;
			proxyType = 1;
			remoteGlobalIDString = 1A220CD82C2958C700AC3D83;
			remoteInfo = MyNotificationServiceExtension;
		};
		1A220CF62C2958F600AC3D83 /* PBXContainerItemProxy */ = {
			isa = PBXContainerItemProxy;
			containerPortal = 1A8CCD9A2B28A18E003DEE5E /* Project object */;
			proxyType = 1;
			remoteGlobalIDString = 1A220CE82C2958F600AC3D83;
			remoteInfo = MyNotificationContentExtension;
		};
/* End PBXContainerItemProxy section */

/* Begin PBXCopyFilesBuildPhase section */
		1A220CE12C2958C700AC3D83 /* Embed Foundation Extensions */ = {
			isa = PBXCopyFilesBuildPhase;
			buildActionMask = 2147483647;
			dstPath = "";
			dstSubfolderSpec = 13;
			files = (
				1A220CE02C2958C700AC3D83 /* MyNotificationServiceExtension.appex in Embed Foundation Extensions */,
				1A220CF82C2958F600AC3D83 /* MyNotificationContentExtension.appex in Embed Foundation Extensions */,
			);
			name = "Embed Foundation Extensions";
			runOnlyForDeploymentPostprocessing = 0;
		};
/* End PBXCopyFilesBuildPhase section */

/* Begin PBXFileReference section */
		1A220CD92C2958C700AC3D83 /* MyNotificationServiceExtension.appex */ = {isa = PBXFileReference; explicitFileType = "wrapper.app-extension"; includeInIndex = 0; path = MyNotificationServiceExtension.appex; sourceTree = BUILT_PRODUCTS_DIR; };
		1A220CDB2C2958C700AC3D83 /* NotificationService.swift */ = {isa = PBXFileReference; lastKnownFileType = sourcecode.swift; path = NotificationService.swift; sourceTree = "<group>"; };
		1A220CDD2C2958C700AC3D83 /* Info.plist */ = {isa = PBXFileReference; lastKnownFileType = text.plist.xml; path = Info.plist; sourceTree = "<group>"; };
		1A220CE92C2958F600AC3D83 /* MyNotificationContentExtension.appex */ = {isa = PBXFileReference; explicitFileType = "wrapper.app-extension"; includeInIndex = 0; path = MyNotificationContentExtension.appex; sourceTree = BUILT_PRODUCTS_DIR; };
		1A220CEB2C2958F600AC3D83 /* UserNotifications.framework */ = {isa = PBXFileReference; lastKnownFileType = wrapper.framework; name = UserNotifications.framework; path = System/Library/Frameworks/UserNotifications.framework; sourceTree = SDKROOT; };
		1A220CED2C2958F600AC3D83 /* UserNotificationsUI.framework */ = {isa = PBXFileReference; lastKnownFileType = wrapper.framework; name = UserNotificationsUI.framework; path = System/Library/Frameworks/UserNotificationsUI.framework; sourceTree = SDKROOT; };
		1A220CF02C2958F600AC3D83 /* NotificationViewController.swift */ = {isa = PBXFileReference; lastKnownFileType = sourcecode.swift; path = NotificationViewController.swift; sourceTree = "<group>"; };
		1A220CF52C2958F600AC3D83 /* Info.plist */ = {isa = PBXFileReference; lastKnownFileType = text.plist.xml; path = Info.plist; sourceTree = "<group>"; };
		1A220CFC2C295A7900AC3D83 /* MyNotificationContentExtension.entitlements */ = {isa = PBXFileReference; lastKnownFileType = text.plist.entitlements; path = MyNotificationContentExtension.entitlements; sourceTree = "<group>"; };
		1A220CFD2C295AAA00AC3D83 /* MyNotificationServiceExtension.entitlements */ = {isa = PBXFileReference; lastKnownFileType = text.plist.entitlements; path = MyNotificationServiceExtension.entitlements; sourceTree = "<group>"; };
		1A2D6E892B29AC540036046E /* AppDelegate.swift */ = {isa = PBXFileReference; lastKnownFileType = sourcecode.swift; path = AppDelegate.swift; sourceTree = "<group>"; };
		1A8CCDA22B28A18E003DEE5E /* PushNotificationsExample.app */ = {isa = PBXFileReference; explicitFileType = wrapper.application; includeInIndex = 0; path = PushNotificationsExample.app; sourceTree = BUILT_PRODUCTS_DIR; };
		1A8CCDA52B28A18E003DEE5E /* PushNotificationsExampleApp.swift */ = {isa = PBXFileReference; lastKnownFileType = sourcecode.swift; path = PushNotificationsExampleApp.swift; sourceTree = "<group>"; };
		1A8CCDA72B28A18E003DEE5E /* ContentView.swift */ = {isa = PBXFileReference; lastKnownFileType = sourcecode.swift; path = ContentView.swift; sourceTree = "<group>"; };
		1A8CCDA92B28A18F003DEE5E /* Assets.xcassets */ = {isa = PBXFileReference; lastKnownFileType = folder.assetcatalog; path = Assets.xcassets; sourceTree = "<group>"; };
		1A8CCDAC2B28A18F003DEE5E /* Preview Assets.xcassets */ = {isa = PBXFileReference; lastKnownFileType = folder.assetcatalog; path = "Preview Assets.xcassets"; sourceTree = "<group>"; };
		1A99B7722B4C30FC001581E4 /* PushNotificationsExample.entitlements */ = {isa = PBXFileReference; lastKnownFileType = text.plist.entitlements; path = PushNotificationsExample.entitlements; sourceTree = "<group>"; };
		1A99B7732B4C3102001581E4 /* Info.plist */ = {isa = PBXFileReference; lastKnownFileType = text.plist; path = Info.plist; sourceTree = "<group>"; };
/* End PBXFileReference section */

/* Begin PBXFrameworksBuildPhase section */
		1A220CD62C2958C700AC3D83 /* Frameworks */ = {
			isa = PBXFrameworksBuildPhase;
			buildActionMask = 2147483647;
			files = (
			);
			runOnlyForDeploymentPostprocessing = 0;
		};
		1A220CE62C2958F600AC3D83 /* Frameworks */ = {
			isa = PBXFrameworksBuildPhase;
			buildActionMask = 2147483647;
			files = (
				1A220CEE2C2958F600AC3D83 /* UserNotificationsUI.framework in Frameworks */,
				1A220CEC2C2958F600AC3D83 /* UserNotifications.framework in Frameworks */,
			);
			runOnlyForDeploymentPostprocessing = 0;
		};
		1A8CCD9F2B28A18E003DEE5E /* Frameworks */ = {
			isa = PBXFrameworksBuildPhase;
			buildActionMask = 2147483647;
			files = (
				1A99B7182B46E341001581E4 /* BirdKit in Frameworks */,
				1A8CCDB52B28A1AA003DEE5E /* BirdKit in Frameworks */,
			);
			runOnlyForDeploymentPostprocessing = 0;
		};
/* End PBXFrameworksBuildPhase section */

/* Begin PBXGroup section */
		1A220CDA2C2958C700AC3D83 /* MyNotificationServiceExtension */ = {
			isa = PBXGroup;
			children = (
				1A220CFD2C295AAA00AC3D83 /* MyNotificationServiceExtension.entitlements */,
				1A220CDB2C2958C700AC3D83 /* NotificationService.swift */,
				1A220CDD2C2958C700AC3D83 /* Info.plist */,
			);
			path = MyNotificationServiceExtension;
			sourceTree = "<group>";
		};
		1A220CEA2C2958F600AC3D83 /* Frameworks */ = {
			isa = PBXGroup;
			children = (
				1A220CEB2C2958F600AC3D83 /* UserNotifications.framework */,
				1A220CED2C2958F600AC3D83 /* UserNotificationsUI.framework */,
			);
			name = Frameworks;
			sourceTree = "<group>";
		};
		1A220CEF2C2958F600AC3D83 /* MyNotificationContentExtension */ = {
			isa = PBXGroup;
			children = (
				1A220CFC2C295A7900AC3D83 /* MyNotificationContentExtension.entitlements */,
				1A220CF02C2958F600AC3D83 /* NotificationViewController.swift */,
				1A220CF52C2958F600AC3D83 /* Info.plist */,
			);
			path = MyNotificationContentExtension;
			sourceTree = "<group>";
		};
		1A8CCD992B28A18E003DEE5E = {
			isa = PBXGroup;
			children = (
				1A8CCDA42B28A18E003DEE5E /* PushNotificationsExample */,
				1A220CDA2C2958C700AC3D83 /* MyNotificationServiceExtension */,
				1A220CEF2C2958F600AC3D83 /* MyNotificationContentExtension */,
				1A220CEA2C2958F600AC3D83 /* Frameworks */,
				1A8CCDA32B28A18E003DEE5E /* Products */,
			);
			sourceTree = "<group>";
		};
		1A8CCDA32B28A18E003DEE5E /* Products */ = {
			isa = PBXGroup;
			children = (
				1A8CCDA22B28A18E003DEE5E /* PushNotificationsExample.app */,
				1A220CD92C2958C700AC3D83 /* MyNotificationServiceExtension.appex */,
				1A220CE92C2958F600AC3D83 /* MyNotificationContentExtension.appex */,
			);
			name = Products;
			sourceTree = "<group>";
		};
		1A8CCDA42B28A18E003DEE5E /* PushNotificationsExample */ = {
			isa = PBXGroup;
			children = (
				1A99B7732B4C3102001581E4 /* Info.plist */,
				1A99B7722B4C30FC001581E4 /* PushNotificationsExample.entitlements */,
				1A8CCDA52B28A18E003DEE5E /* PushNotificationsExampleApp.swift */,
				1A8CCDA72B28A18E003DEE5E /* ContentView.swift */,
				1A2D6E892B29AC540036046E /* AppDelegate.swift */,
				1A8CCDA92B28A18F003DEE5E /* Assets.xcassets */,
				1A8CCDAB2B28A18F003DEE5E /* Preview Content */,
			);
			path = PushNotificationsExample;
			sourceTree = "<group>";
		};
		1A8CCDAB2B28A18F003DEE5E /* Preview Content */ = {
			isa = PBXGroup;
			children = (
				1A8CCDAC2B28A18F003DEE5E /* Preview Assets.xcassets */,
			);
			path = "Preview Content";
			sourceTree = "<group>";
		};
/* End PBXGroup section */

/* Begin PBXNativeTarget section */
		1A220CD82C2958C700AC3D83 /* MyNotificationServiceExtension */ = {
			isa = PBXNativeTarget;
			buildConfigurationList = 1A220CE42C2958C700AC3D83 /* Build configuration list for PBXNativeTarget "MyNotificationServiceExtension" */;
			buildPhases = (
				1A220CD52C2958C700AC3D83 /* Sources */,
				1A220CD62C2958C700AC3D83 /* Frameworks */,
				1A220CD72C2958C700AC3D83 /* Resources */,
			);
			buildRules = (
			);
			dependencies = (
			);
			name = MyNotificationServiceExtension;
			productName = MyNotificationServiceExtension;
			productReference = 1A220CD92C2958C700AC3D83 /* MyNotificationServiceExtension.appex */;
			productType = "com.apple.product-type.app-extension";
		};
		1A220CE82C2958F600AC3D83 /* MyNotificationContentExtension */ = {
			isa = PBXNativeTarget;
			buildConfigurationList = 1A220CF92C2958F600AC3D83 /* Build configuration list for PBXNativeTarget "MyNotificationContentExtension" */;
			buildPhases = (
				1A220CE52C2958F600AC3D83 /* Sources */,
				1A220CE62C2958F600AC3D83 /* Frameworks */,
				1A220CE72C2958F600AC3D83 /* Resources */,
			);
			buildRules = (
			);
			dependencies = (
			);
			name = MyNotificationContentExtension;
			productName = MyNotificationContentExtension;
			productReference = 1A220CE92C2958F600AC3D83 /* MyNotificationContentExtension.appex */;
			productType = "com.apple.product-type.app-extension";
		};
		1A8CCDA12B28A18E003DEE5E /* PushNotificationsExample */ = {
			isa = PBXNativeTarget;
			buildConfigurationList = 1A8CCDB02B28A18F003DEE5E /* Build configuration list for PBXNativeTarget "PushNotificationsExample" */;
			buildPhases = (
				1A8CCD9E2B28A18E003DEE5E /* Sources */,
				1A8CCD9F2B28A18E003DEE5E /* Frameworks */,
				1A8CCDA02B28A18E003DEE5E /* Resources */,
				1A220CE12C2958C700AC3D83 /* Embed Foundation Extensions */,
			);
			buildRules = (
			);
			dependencies = (
				1A220CDF2C2958C700AC3D83 /* PBXTargetDependency */,
				1A220CF72C2958F600AC3D83 /* PBXTargetDependency */,
			);
			name = PushNotificationsExample;
			packageProductDependencies = (
				1A8CCDB42B28A1AA003DEE5E /* BirdKit */,
				1A99B7172B46E341001581E4 /* BirdKit */,
			);
			productName = PushNotificationsExample;
			productReference = 1A8CCDA22B28A18E003DEE5E /* PushNotificationsExample.app */;
			productType = "com.apple.product-type.application";
		};
/* End PBXNativeTarget section */

/* Begin PBXProject section */
		1A8CCD9A2B28A18E003DEE5E /* Project object */ = {
			isa = PBXProject;
			attributes = {
				BuildIndependentTargetsInParallel = 1;
				LastSwiftUpdateCheck = 1540;
				LastUpgradeCheck = 1500;
				TargetAttributes = {
					1A220CD82C2958C700AC3D83 = {
						CreatedOnToolsVersion = 15.4;
					};
					1A220CE82C2958F600AC3D83 = {
						CreatedOnToolsVersion = 15.4;
					};
					1A8CCDA12B28A18E003DEE5E = {
						CreatedOnToolsVersion = 15.0.1;
					};
				};
			};
			buildConfigurationList = 1A8CCD9D2B28A18E003DEE5E /* Build configuration list for PBXProject "PushNotificationsExample" */;
			compatibilityVersion = "Xcode 14.0";
			developmentRegion = en;
			hasScannedForEncodings = 0;
			knownRegions = (
				en,
				Base,
			);
			mainGroup = 1A8CCD992B28A18E003DEE5E;
			packageReferences = (
				1A99B71E2B4C0944001581E4 /* XCLocalSwiftPackageReference "../.." */,
			);
			productRefGroup = 1A8CCDA32B28A18E003DEE5E /* Products */;
			projectDirPath = "";
			projectRoot = "";
			targets = (
				1A8CCDA12B28A18E003DEE5E /* PushNotificationsExample */,
				1A220CD82C2958C700AC3D83 /* MyNotificationServiceExtension */,
				1A220CE82C2958F600AC3D83 /* MyNotificationContentExtension */,
			);
		};
/* End PBXProject section */

/* Begin PBXResourcesBuildPhase section */
		1A220CD72C2958C700AC3D83 /* Resources */ = {
			isa = PBXResourcesBuildPhase;
			buildActionMask = 2147483647;
			files = (
			);
			runOnlyForDeploymentPostprocessing = 0;
		};
		1A220CE72C2958F600AC3D83 /* Resources */ = {
			isa = PBXResourcesBuildPhase;
			buildActionMask = 2147483647;
			files = (
			);
			runOnlyForDeploymentPostprocessing = 0;
		};
		1A8CCDA02B28A18E003DEE5E /* Resources */ = {
			isa = PBXResourcesBuildPhase;
			buildActionMask = 2147483647;
			files = (
				1A8CCDAD2B28A18F003DEE5E /* Preview Assets.xcassets in Resources */,
				1A8CCDAA2B28A18F003DEE5E /* Assets.xcassets in Resources */,
			);
			runOnlyForDeploymentPostprocessing = 0;
		};
/* End PBXResourcesBuildPhase section */

/* Begin PBXSourcesBuildPhase section */
		1A220CD52C2958C700AC3D83 /* Sources */ = {
			isa = PBXSourcesBuildPhase;
			buildActionMask = 2147483647;
			files = (
				1A220CDC2C2958C700AC3D83 /* NotificationService.swift in Sources */,
			);
			runOnlyForDeploymentPostprocessing = 0;
		};
		1A220CE52C2958F600AC3D83 /* Sources */ = {
			isa = PBXSourcesBuildPhase;
			buildActionMask = 2147483647;
			files = (
				1A220CF12C2958F600AC3D83 /* NotificationViewController.swift in Sources */,
			);
			runOnlyForDeploymentPostprocessing = 0;
		};
		1A8CCD9E2B28A18E003DEE5E /* Sources */ = {
			isa = PBXSourcesBuildPhase;
			buildActionMask = 2147483647;
			files = (
				1A2D6E8A2B29AC540036046E /* AppDelegate.swift in Sources */,
				1A8CCDA82B28A18E003DEE5E /* ContentView.swift in Sources */,
				1A8CCDA62B28A18E003DEE5E /* PushNotificationsExampleApp.swift in Sources */,
			);
			runOnlyForDeploymentPostprocessing = 0;
		};
/* End PBXSourcesBuildPhase section */

/* Begin PBXTargetDependency section */
		1A220CDF2C2958C700AC3D83 /* PBXTargetDependency */ = {
			isa = PBXTargetDependency;
			target = 1A220CD82C2958C700AC3D83 /* MyNotificationServiceExtension */;
			targetProxy = 1A220CDE2C2958C700AC3D83 /* PBXContainerItemProxy */;
		};
		1A220CF72C2958F600AC3D83 /* PBXTargetDependency */ = {
			isa = PBXTargetDependency;
			target = 1A220CE82C2958F600AC3D83 /* MyNotificationContentExtension */;
			targetProxy = 1A220CF62C2958F600AC3D83 /* PBXContainerItemProxy */;
		};
/* End PBXTargetDependency section */

/* Begin XCBuildConfiguration section */
		1A220CE22C2958C700AC3D83 /* Debug */ = {
			isa = XCBuildConfiguration;
			buildSettings = {
				CODE_SIGN_ENTITLEMENTS = MyNotificationServiceExtension/MyNotificationServiceExtension.entitlements;
				CODE_SIGN_STYLE = Automatic;
				CURRENT_PROJECT_VERSION = 1;
				DEVELOPMENT_TEAM = 2B3Z826SDA;
				GENERATE_INFOPLIST_FILE = YES;
				INFOPLIST_FILE = MyNotificationServiceExtension/Info.plist;
				INFOPLIST_KEY_CFBundleDisplayName = MyNotificationServiceExtension;
				INFOPLIST_KEY_NSHumanReadableCopyright = "";
				IPHONEOS_DEPLOYMENT_TARGET = 17.5;
				LD_RUNPATH_SEARCH_PATHS = (
					"$(inherited)",
					"@executable_path/Frameworks",
					"@executable_path/../../Frameworks",
				);
				MARKETING_VERSION = 1.0;
				PRODUCT_BUNDLE_IDENTIFIER = com.bird.example.pushnotifications.MyNotificationServiceExtension;
				PRODUCT_NAME = "$(TARGET_NAME)";
				SKIP_INSTALL = YES;
				SWIFT_EMIT_LOC_STRINGS = YES;
				SWIFT_VERSION = 5.0;
				TARGETED_DEVICE_FAMILY = "1,2";
			};
			name = Debug;
		};
		1A220CE32C2958C700AC3D83 /* Release */ = {
			isa = XCBuildConfiguration;
			buildSettings = {
				CODE_SIGN_ENTITLEMENTS = MyNotificationServiceExtension/MyNotificationServiceExtension.entitlements;
				CODE_SIGN_STYLE = Automatic;
				CURRENT_PROJECT_VERSION = 1;
				DEVELOPMENT_TEAM = 2B3Z826SDA;
				GENERATE_INFOPLIST_FILE = YES;
				INFOPLIST_FILE = MyNotificationServiceExtension/Info.plist;
				INFOPLIST_KEY_CFBundleDisplayName = MyNotificationServiceExtension;
				INFOPLIST_KEY_NSHumanReadableCopyright = "";
				IPHONEOS_DEPLOYMENT_TARGET = 17.5;
				LD_RUNPATH_SEARCH_PATHS = (
					"$(inherited)",
					"@executable_path/Frameworks",
					"@executable_path/../../Frameworks",
				);
				MARKETING_VERSION = 1.0;
				PRODUCT_BUNDLE_IDENTIFIER = com.bird.example.pushnotifications.MyNotificationServiceExtension;
				PRODUCT_NAME = "$(TARGET_NAME)";
				SKIP_INSTALL = YES;
				SWIFT_EMIT_LOC_STRINGS = YES;
				SWIFT_VERSION = 5.0;
				TARGETED_DEVICE_FAMILY = "1,2";
			};
			name = Release;
		};
		1A220CFA2C2958F600AC3D83 /* Debug */ = {
			isa = XCBuildConfiguration;
			buildSettings = {
				CODE_SIGN_ENTITLEMENTS = MyNotificationContentExtension/MyNotificationContentExtension.entitlements;
				CODE_SIGN_STYLE = Automatic;
				CURRENT_PROJECT_VERSION = 1;
				DEVELOPMENT_TEAM = 2B3Z826SDA;
				GENERATE_INFOPLIST_FILE = YES;
				INFOPLIST_FILE = MyNotificationContentExtension/Info.plist;
				INFOPLIST_KEY_CFBundleDisplayName = MyNotificationContentExtension;
				INFOPLIST_KEY_NSHumanReadableCopyright = "";
				IPHONEOS_DEPLOYMENT_TARGET = 17.5;
				LD_RUNPATH_SEARCH_PATHS = (
					"$(inherited)",
					"@executable_path/Frameworks",
					"@executable_path/../../Frameworks",
				);
				MARKETING_VERSION = 1.0;
				PRODUCT_BUNDLE_IDENTIFIER = com.bird.example.pushnotifications.MyNotificationContentExtension;
				PRODUCT_NAME = "$(TARGET_NAME)";
				SKIP_INSTALL = YES;
				SWIFT_EMIT_LOC_STRINGS = YES;
				SWIFT_VERSION = 5.0;
				TARGETED_DEVICE_FAMILY = "1,2";
			};
			name = Debug;
		};
		1A220CFB2C2958F600AC3D83 /* Release */ = {
			isa = XCBuildConfiguration;
			buildSettings = {
				CODE_SIGN_ENTITLEMENTS = MyNotificationContentExtension/MyNotificationContentExtension.entitlements;
				CODE_SIGN_STYLE = Automatic;
				CURRENT_PROJECT_VERSION = 1;
				DEVELOPMENT_TEAM = 2B3Z826SDA;
				GENERATE_INFOPLIST_FILE = YES;
				INFOPLIST_FILE = MyNotificationContentExtension/Info.plist;
				INFOPLIST_KEY_CFBundleDisplayName = MyNotificationContentExtension;
				INFOPLIST_KEY_NSHumanReadableCopyright = "";
				IPHONEOS_DEPLOYMENT_TARGET = 17.5;
				LD_RUNPATH_SEARCH_PATHS = (
					"$(inherited)",
					"@executable_path/Frameworks",
					"@executable_path/../../Frameworks",
				);
				MARKETING_VERSION = 1.0;
				PRODUCT_BUNDLE_IDENTIFIER = com.bird.example.pushnotifications.MyNotificationContentExtension;
				PRODUCT_NAME = "$(TARGET_NAME)";
				SKIP_INSTALL = YES;
				SWIFT_EMIT_LOC_STRINGS = YES;
				SWIFT_VERSION = 5.0;
				TARGETED_DEVICE_FAMILY = "1,2";
			};
			name = Release;
		};
		1A8CCDAE2B28A18F003DEE5E /* Debug */ = {
			isa = XCBuildConfiguration;
			buildSettings = {
				ALWAYS_SEARCH_USER_PATHS = NO;
				ASSETCATALOG_COMPILER_GENERATE_SWIFT_ASSET_SYMBOL_EXTENSIONS = YES;
				CLANG_ANALYZER_NONNULL = YES;
				CLANG_ANALYZER_NUMBER_OBJECT_CONVERSION = YES_AGGRESSIVE;
				CLANG_CXX_LANGUAGE_STANDARD = "gnu++20";
				CLANG_ENABLE_MODULES = YES;
				CLANG_ENABLE_OBJC_ARC = YES;
				CLANG_ENABLE_OBJC_WEAK = YES;
				CLANG_WARN_BLOCK_CAPTURE_AUTORELEASING = YES;
				CLANG_WARN_BOOL_CONVERSION = YES;
				CLANG_WARN_COMMA = YES;
				CLANG_WARN_CONSTANT_CONVERSION = YES;
				CLANG_WARN_DEPRECATED_OBJC_IMPLEMENTATIONS = YES;
				CLANG_WARN_DIRECT_OBJC_ISA_USAGE = YES_ERROR;
				CLANG_WARN_DOCUMENTATION_COMMENTS = YES;
				CLANG_WARN_EMPTY_BODY = YES;
				CLANG_WARN_ENUM_CONVERSION = YES;
				CLANG_WARN_INFINITE_RECURSION = YES;
				CLANG_WARN_INT_CONVERSION = YES;
				CLANG_WARN_NON_LITERAL_NULL_CONVERSION = YES;
				CLANG_WARN_OBJC_IMPLICIT_RETAIN_SELF = YES;
				CLANG_WARN_OBJC_LITERAL_CONVERSION = YES;
				CLANG_WARN_OBJC_ROOT_CLASS = YES_ERROR;
				CLANG_WARN_QUOTED_INCLUDE_IN_FRAMEWORK_HEADER = YES;
				CLANG_WARN_RANGE_LOOP_ANALYSIS = YES;
				CLANG_WARN_STRICT_PROTOTYPES = YES;
				CLANG_WARN_SUSPICIOUS_MOVE = YES;
				CLANG_WARN_UNGUARDED_AVAILABILITY = YES_AGGRESSIVE;
				CLANG_WARN_UNREACHABLE_CODE = YES;
				CLANG_WARN__DUPLICATE_METHOD_MATCH = YES;
				COPY_PHASE_STRIP = NO;
				DEBUG_INFORMATION_FORMAT = dwarf;
				ENABLE_STRICT_OBJC_MSGSEND = YES;
				ENABLE_TESTABILITY = YES;
				ENABLE_USER_SCRIPT_SANDBOXING = YES;
				GCC_C_LANGUAGE_STANDARD = gnu17;
				GCC_DYNAMIC_NO_PIC = NO;
				GCC_NO_COMMON_BLOCKS = YES;
				GCC_OPTIMIZATION_LEVEL = 0;
				GCC_PREPROCESSOR_DEFINITIONS = (
					"DEBUG=1",
					"$(inherited)",
				);
				GCC_WARN_64_TO_32_BIT_CONVERSION = YES;
				GCC_WARN_ABOUT_RETURN_TYPE = YES_ERROR;
				GCC_WARN_UNDECLARED_SELECTOR = YES;
				GCC_WARN_UNINITIALIZED_AUTOS = YES_AGGRESSIVE;
				GCC_WARN_UNUSED_FUNCTION = YES;
				GCC_WARN_UNUSED_VARIABLE = YES;
				IPHONEOS_DEPLOYMENT_TARGET = 14.0;
				LOCALIZATION_PREFERS_STRING_CATALOGS = YES;
				MTL_ENABLE_DEBUG_INFO = INCLUDE_SOURCE;
				MTL_FAST_MATH = YES;
				ONLY_ACTIVE_ARCH = YES;
				SDKROOT = iphoneos;
				SWIFT_ACTIVE_COMPILATION_CONDITIONS = "DEBUG $(inherited)";
				SWIFT_OPTIMIZATION_LEVEL = "-Onone";
			};
			name = Debug;
		};
		1A8CCDAF2B28A18F003DEE5E /* Release */ = {
			isa = XCBuildConfiguration;
			buildSettings = {
				ALWAYS_SEARCH_USER_PATHS = NO;
				ASSETCATALOG_COMPILER_GENERATE_SWIFT_ASSET_SYMBOL_EXTENSIONS = YES;
				CLANG_ANALYZER_NONNULL = YES;
				CLANG_ANALYZER_NUMBER_OBJECT_CONVERSION = YES_AGGRESSIVE;
				CLANG_CXX_LANGUAGE_STANDARD = "gnu++20";
				CLANG_ENABLE_MODULES = YES;
				CLANG_ENABLE_OBJC_ARC = YES;
				CLANG_ENABLE_OBJC_WEAK = YES;
				CLANG_WARN_BLOCK_CAPTURE_AUTORELEASING = YES;
				CLANG_WARN_BOOL_CONVERSION = YES;
				CLANG_WARN_COMMA = YES;
				CLANG_WARN_CONSTANT_CONVERSION = YES;
				CLANG_WARN_DEPRECATED_OBJC_IMPLEMENTATIONS = YES;
				CLANG_WARN_DIRECT_OBJC_ISA_USAGE = YES_ERROR;
				CLANG_WARN_DOCUMENTATION_COMMENTS = YES;
				CLANG_WARN_EMPTY_BODY = YES;
				CLANG_WARN_ENUM_CONVERSION = YES;
				CLANG_WARN_INFINITE_RECURSION = YES;
				CLANG_WARN_INT_CONVERSION = YES;
				CLANG_WARN_NON_LITERAL_NULL_CONVERSION = YES;
				CLANG_WARN_OBJC_IMPLICIT_RETAIN_SELF = YES;
				CLANG_WARN_OBJC_LITERAL_CONVERSION = YES;
				CLANG_WARN_OBJC_ROOT_CLASS = YES_ERROR;
				CLANG_WARN_QUOTED_INCLUDE_IN_FRAMEWORK_HEADER = YES;
				CLANG_WARN_RANGE_LOOP_ANALYSIS = YES;
				CLANG_WARN_STRICT_PROTOTYPES = YES;
				CLANG_WARN_SUSPICIOUS_MOVE = YES;
				CLANG_WARN_UNGUARDED_AVAILABILITY = YES_AGGRESSIVE;
				CLANG_WARN_UNREACHABLE_CODE = YES;
				CLANG_WARN__DUPLICATE_METHOD_MATCH = YES;
				COPY_PHASE_STRIP = NO;
				DEBUG_INFORMATION_FORMAT = "dwarf-with-dsym";
				ENABLE_NS_ASSERTIONS = NO;
				ENABLE_STRICT_OBJC_MSGSEND = YES;
				ENABLE_USER_SCRIPT_SANDBOXING = YES;
				GCC_C_LANGUAGE_STANDARD = gnu17;
				GCC_NO_COMMON_BLOCKS = YES;
				GCC_WARN_64_TO_32_BIT_CONVERSION = YES;
				GCC_WARN_ABOUT_RETURN_TYPE = YES_ERROR;
				GCC_WARN_UNDECLARED_SELECTOR = YES;
				GCC_WARN_UNINITIALIZED_AUTOS = YES_AGGRESSIVE;
				GCC_WARN_UNUSED_FUNCTION = YES;
				GCC_WARN_UNUSED_VARIABLE = YES;
				IPHONEOS_DEPLOYMENT_TARGET = 14.0;
				LOCALIZATION_PREFERS_STRING_CATALOGS = YES;
				MTL_ENABLE_DEBUG_INFO = NO;
				MTL_FAST_MATH = YES;
				SDKROOT = iphoneos;
				SWIFT_COMPILATION_MODE = wholemodule;
				VALIDATE_PRODUCT = YES;
			};
			name = Release;
		};
		1A8CCDB12B28A18F003DEE5E /* Debug */ = {
			isa = XCBuildConfiguration;
			buildSettings = {
				ALWAYS_EMBED_SWIFT_STANDARD_LIBRARIES = YES;
				ASSETCATALOG_COMPILER_APPICON_NAME = AppIcon;
				ASSETCATALOG_COMPILER_GLOBAL_ACCENT_COLOR_NAME = AccentColor;
				CODE_SIGN_ENTITLEMENTS = PushNotificationsExample/PushNotificationsExample.entitlements;
				CODE_SIGN_STYLE = Automatic;
				CURRENT_PROJECT_VERSION = 1;
				DEVELOPMENT_ASSET_PATHS = "\"PushNotificationsExample/Preview Content\"";
				DEVELOPMENT_TEAM = 2B3Z826SDA;
				ENABLE_PREVIEWS = YES;
				GENERATE_INFOPLIST_FILE = YES;
				INFOPLIST_FILE = PushNotificationsExample/Info.plist;
				INFOPLIST_KEY_UIApplicationSceneManifest_Generation = YES;
				INFOPLIST_KEY_UIApplicationSupportsIndirectInputEvents = YES;
				INFOPLIST_KEY_UILaunchScreen_Generation = YES;
				INFOPLIST_KEY_UISupportedInterfaceOrientations_iPad = "UIInterfaceOrientationPortrait UIInterfaceOrientationPortraitUpsideDown UIInterfaceOrientationLandscapeLeft UIInterfaceOrientationLandscapeRight";
				INFOPLIST_KEY_UISupportedInterfaceOrientations_iPhone = "UIInterfaceOrientationPortrait UIInterfaceOrientationLandscapeLeft UIInterfaceOrientationLandscapeRight";
				IPHONEOS_DEPLOYMENT_TARGET = 14.0;
				LD_RUNPATH_SEARCH_PATHS = (
					"$(inherited)",
					"@executable_path/Frameworks",
				);
				MARKETING_VERSION = 1.0;
				PRODUCT_BUNDLE_IDENTIFIER = com.bird.example.pushnotifications;
				PRODUCT_NAME = "$(TARGET_NAME)";
				SWIFT_EMIT_LOC_STRINGS = YES;
				SWIFT_VERSION = 5.0;
				TARGETED_DEVICE_FAMILY = "1,2";
			};
			name = Debug;
		};
		1A8CCDB22B28A18F003DEE5E /* Release */ = {
			isa = XCBuildConfiguration;
			buildSettings = {
				ALWAYS_EMBED_SWIFT_STANDARD_LIBRARIES = YES;
				ASSETCATALOG_COMPILER_APPICON_NAME = AppIcon;
				ASSETCATALOG_COMPILER_GLOBAL_ACCENT_COLOR_NAME = AccentColor;
				CODE_SIGN_ENTITLEMENTS = PushNotificationsExample/PushNotificationsExample.entitlements;
				CODE_SIGN_STYLE = Automatic;
				CURRENT_PROJECT_VERSION = 1;
				DEVELOPMENT_ASSET_PATHS = "\"PushNotificationsExample/Preview Content\"";
				DEVELOPMENT_TEAM = 2B3Z826SDA;
				ENABLE_PREVIEWS = YES;
				GENERATE_INFOPLIST_FILE = YES;
				INFOPLIST_FILE = PushNotificationsExample/Info.plist;
				INFOPLIST_KEY_UIApplicationSceneManifest_Generation = YES;
				INFOPLIST_KEY_UIApplicationSupportsIndirectInputEvents = YES;
				INFOPLIST_KEY_UILaunchScreen_Generation = YES;
				INFOPLIST_KEY_UISupportedInterfaceOrientations_iPad = "UIInterfaceOrientationPortrait UIInterfaceOrientationPortraitUpsideDown UIInterfaceOrientationLandscapeLeft UIInterfaceOrientationLandscapeRight";
				INFOPLIST_KEY_UISupportedInterfaceOrientations_iPhone = "UIInterfaceOrientationPortrait UIInterfaceOrientationLandscapeLeft UIInterfaceOrientationLandscapeRight";
				IPHONEOS_DEPLOYMENT_TARGET = 14.0;
				LD_RUNPATH_SEARCH_PATHS = (
					"$(inherited)",
					"@executable_path/Frameworks",
				);
				MARKETING_VERSION = 1.0;
				PRODUCT_BUNDLE_IDENTIFIER = com.bird.example.pushnotifications;
				PRODUCT_NAME = "$(TARGET_NAME)";
				SWIFT_EMIT_LOC_STRINGS = YES;
				SWIFT_VERSION = 5.0;
				TARGETED_DEVICE_FAMILY = "1,2";
			};
			name = Release;
		};
/* End XCBuildConfiguration section */

/* Begin XCConfigurationList section */
		1A220CE42C2958C700AC3D83 /* Build configuration list for PBXNativeTarget "MyNotificationServiceExtension" */ = {
			isa = XCConfigurationList;
			buildConfigurations = (
				1A220CE22C2958C700AC3D83 /* Debug */,
				1A220CE32C2958C700AC3D83 /* Release */,
			);
			defaultConfigurationIsVisible = 0;
			defaultConfigurationName = Release;
		};
		1A220CF92C2958F600AC3D83 /* Build configuration list for PBXNativeTarget "MyNotificationContentExtension" */ = {
			isa = XCConfigurationList;
			buildConfigurations = (
				1A220CFA2C2958F600AC3D83 /* Debug */,
				1A220CFB2C2958F600AC3D83 /* Release */,
			);
			defaultConfigurationIsVisible = 0;
			defaultConfigurationName = Release;
		};
		1A8CCD9D2B28A18E003DEE5E /* Build configuration list for PBXProject "PushNotificationsExample" */ = {
			isa = XCConfigurationList;
			buildConfigurations = (
				1A8CCDAE2B28A18F003DEE5E /* Debug */,
				1A8CCDAF2B28A18F003DEE5E /* Release */,
			);
			defaultConfigurationIsVisible = 0;
			defaultConfigurationName = Release;
		};
		1A8CCDB02B28A18F003DEE5E /* Build configuration list for PBXNativeTarget "PushNotificationsExample" */ = {
			isa = XCConfigurationList;
			buildConfigurations = (
				1A8CCDB12B28A18F003DEE5E /* Debug */,
				1A8CCDB22B28A18F003DEE5E /* Release */,
			);
			defaultConfigurationIsVisible = 0;
			defaultConfigurationName = Release;
		};
/* End XCConfigurationList section */

/* Begin XCLocalSwiftPackageReference section */
		1A99B71E2B4C0944001581E4 /* XCLocalSwiftPackageReference "../.." */ = {
			isa = XCLocalSwiftPackageReference;
			relativePath = ../..;
		};
/* End XCLocalSwiftPackageReference section */

/* Begin XCSwiftPackageProductDependency section */
		1A8CCDB42B28A1AA003DEE5E /* BirdKit */ = {
			isa = XCSwiftPackageProductDependency;
			productName = BirdKit;
		};
		1A99B7172B46E341001581E4 /* BirdKit */ = {
			isa = XCSwiftPackageProductDependency;
			productName = BirdKit;
		};
/* End XCSwiftPackageProductDependency section */
	};
	rootObject = 1A8CCD9A2B28A18E003DEE5E /* Project object */;
}
